
Microsoft Visual Studio Solution File, Format Version 12.00
# Visual Studio 2013
VisualStudioVersion = 12.0.30723.0
MinimumVisualStudioVersion = 10.0.40219.1
Project("{FAE04EC0-301F-11D3-BF4B-00C04F79EFBC}") = "Demo-LendingTracker", "Demo-LendingTracker\Demo-LendingTracker.csproj", "{F460F3D2-3214-4A64-A852-A87165D36BFE}"
EndProject
Project("{2150E333-8FDC-42A3-9474-1A3956D46DE8}") = "PublishScripts", "PublishScripts", "{28609C83-C366-40CB-AE9A-1CEAC89D33C0}"
	ProjectSection(SolutionItems) = preProject
		PublishScripts\AzureWebsitePublishModule.psm1 = PublishScripts\AzureWebsitePublishModule.psm1
		PublishScripts\Publish-WebApplicationWebsite.ps1 = PublishScripts\Publish-WebApplicationWebsite.ps1
	EndProjectSection
EndProject
Project("{2150E333-8FDC-42A3-9474-1A3956D46DE8}") = "Configurations", "Configurations", "{717A7704-282E-45C6-A2BB-3E02F0FE9000}"
	ProjectSection(SolutionItems) = preProject
		PublishScripts\Configurations\Demo-LendingTracker-WAWS-dev.json = PublishScripts\Configurations\Demo-LendingTracker-WAWS-dev.json
	EndProjectSection
EndProject
Global
	GlobalSection(SolutionConfigurationPlatforms) = preSolution
		Debug|Any CPU = Debug|Any CPU
		Release|Any CPU = Release|Any CPU
	EndGlobalSection
	GlobalSection(ProjectConfigurationPlatforms) = postSolution
		{F460F3D2-3214-4A64-A852-A87165D36BFE}.Debug|Any CPU.ActiveCfg = Debug|Any CPU
		{F460F3D2-3214-4A64-A852-A87165D36BFE}.Debug|Any CPU.Build.0 = Debug|Any CPU
		{F460F3D2-3214-4A64-A852-A87165D36BFE}.Release|Any CPU.ActiveCfg = Release|Any CPU
		{F460F3D2-3214-4A64-A852-A87165D36BFE}.Release|Any CPU.Build.0 = Release|Any CPU
	EndGlobalSection
	GlobalSection(SolutionProperties) = preSolution
		HideSolutionNode = FALSE
	EndGlobalSection
	GlobalSection(NestedProjects) = preSolution
		{717A7704-282E-45C6-A2BB-3E02F0FE9000} = {28609C83-C366-40CB-AE9A-1CEAC89D33C0}
	EndGlobalSection
EndGlobal
